
Microsoft Visual Studio Solution File, Format Version 12.00
# Visual Studio Version 16
VisualStudioVersion = 16.0.30717.126
MinimumVisualStudioVersion = 10.0.40219.1
Project("{FAE04EC0-301F-11D3-BF4B-00C04F79EFBC}") = "DeckOfCards", "DeckOfCards\DeckOfCards.csproj", "{3B7171E9-4E34-457A-895E-885694C5C1F3}"
EndProject
Global
	GlobalSection(SolutionConfigurationPlatforms) = preSolution
		Debug|Any CPU = Debug|Any CPU
		Release|Any CPU = Release|Any CPU
	EndGlobalSection
	GlobalSection(ProjectConfigurationPlatforms) = postSolution
		{3B7171E9-4E34-457A-895E-885694C5C1F3}.Debug|Any CPU.ActiveCfg = Debug|Any CPU
		{3B7171E9-4E34-457A-895E-885694C5C1F3}.Debug|Any CPU.Build.0 = Debug|Any CPU
		{3B7171E9-4E34-457A-895E-885694C5C1F3}.Release|Any CPU.ActiveCfg = Release|Any CPU
		{3B7171E9-4E34-457A-895E-885694C5C1F3}.Release|Any CPU.Build.0 = Release|Any CPU
	EndGlobalSection
	GlobalSection(SolutionProperties) = preSolution
		HideSolutionNode = FALSE
	EndGlobalSection
	GlobalSection(ExtensibilityGlobals) = postSolution
		SolutionGuid = {E74C7A8C-D792-4665-A8CA-5D2E1E2B1DA9}
	EndGlobalSection
EndGlobal
